
Microsoft Visual Studio Solution File, Format Version 12.00
# Visual Studio Version 16
VisualStudioVersion = 16.0.31005.135
MinimumVisualStudioVersion = 10.0.40219.1
Project("{9A19103F-16F7-4668-BE54-9A1E7A4F7556}") = "SocialLearning.Entities", "SocialLearning.Entities\SocialLearning.Entities.csproj", "{08BCB655-999A-4349-8489-EE68C853598B}"
EndProject
Project("{9A19103F-16F7-4668-BE54-9A1E7A4F7556}") = "SocialLearning.DataAccess", "SocialLearning.DataAccess\SocialLearning.DataAccess.csproj", "{C022D9D2-8B79-4255-8305-FCD7109B1C77}"
EndProject
Project("{9A19103F-16F7-4668-BE54-9A1E7A4F7556}") = "SocialLearningAPI", "SocialLearning\SocialLearningAPI.csproj", "{F47FDBFD-9DBC-4791-8E00-14999318C732}"
EndProject
Project("{FAE04EC0-301F-11D3-BF4B-00C04F79EFBC}") = "SocialLearning.Business", "SL.Business\SocialLearning.Business.csproj", "{D7BD2A0B-767D-42CF-AA3E-91D8EDFA3E9F}"
EndProject
Global
	GlobalSection(SolutionConfigurationPlatforms) = preSolution
		Debug|Any CPU = Debug|Any CPU
		Release|Any CPU = Release|Any CPU
	EndGlobalSection
	GlobalSection(ProjectConfigurationPlatforms) = postSolution
		{08BCB655-999A-4349-8489-EE68C853598B}.Debug|Any CPU.ActiveCfg = Debug|Any CPU
		{08BCB655-999A-4349-8489-EE68C853598B}.Debug|Any CPU.Build.0 = Debug|Any CPU
		{08BCB655-999A-4349-8489-EE68C853598B}.Release|Any CPU.ActiveCfg = Release|Any CPU
		{08BCB655-999A-4349-8489-EE68C853598B}.Release|Any CPU.Build.0 = Release|Any CPU
		{C022D9D2-8B79-4255-8305-FCD7109B1C77}.Debug|Any CPU.ActiveCfg = Debug|Any CPU
		{C022D9D2-8B79-4255-8305-FCD7109B1C77}.Debug|Any CPU.Build.0 = Debug|Any CPU
		{C022D9D2-8B79-4255-8305-FCD7109B1C77}.Release|Any CPU.ActiveCfg = Release|Any CPU
		{C022D9D2-8B79-4255-8305-FCD7109B1C77}.Release|Any CPU.Build.0 = Release|Any CPU
		{F47FDBFD-9DBC-4791-8E00-14999318C732}.Debug|Any CPU.ActiveCfg = Debug|Any CPU
		{F47FDBFD-9DBC-4791-8E00-14999318C732}.Debug|Any CPU.Build.0 = Debug|Any CPU
		{F47FDBFD-9DBC-4791-8E00-14999318C732}.Release|Any CPU.ActiveCfg = Release|Any CPU
		{F47FDBFD-9DBC-4791-8E00-14999318C732}.Release|Any CPU.Build.0 = Release|Any CPU
		{D7BD2A0B-767D-42CF-AA3E-91D8EDFA3E9F}.Debug|Any CPU.ActiveCfg = Debug|Any CPU
		{D7BD2A0B-767D-42CF-AA3E-91D8EDFA3E9F}.Debug|Any CPU.Build.0 = Debug|Any CPU
		{D7BD2A0B-767D-42CF-AA3E-91D8EDFA3E9F}.Release|Any CPU.ActiveCfg = Release|Any CPU
		{D7BD2A0B-767D-42CF-AA3E-91D8EDFA3E9F}.Release|Any CPU.Build.0 = Release|Any CPU
	EndGlobalSection
	GlobalSection(SolutionProperties) = preSolution
		HideSolutionNode = FALSE
	EndGlobalSection
	GlobalSection(ExtensibilityGlobals) = postSolution
		SolutionGuid = {6E4D1E7C-13E1-4C55-955C-ABD285EC50F8}
	EndGlobalSection
EndGlobal
